
Microsoft Visual Studio Solution File, Format Version 12.00
# Visual Studio 15
VisualStudioVersion = 15.0.27004.2006
MinimumVisualStudioVersion = 10.0.40219.1
Project("{2150E333-8FDC-42A3-9474-1A3956D46DE8}") = "Solution Items", "Solution Items", "{6F90C2C8-9D70-4BA8-9177-40112C163C8A}"
	ProjectSection(SolutionItems) = preProject
		DbInitializer.txt = DbInitializer.txt
		Description.html = Description.html
		DescriptionShort.html = DescriptionShort.html
		MyBlog00.html = MyBlog00.html
		Myblog01.html = Myblog01.html
		MyBlog01Short.html = MyBlog01Short.html
		MyBlog02.html = MyBlog02.html
		MyBlog02Short.html = MyBlog02Short.html
		MyBlog03.html = MyBlog03.html
		MyBlog03Short.html = MyBlog03Short.html
		MyBlog04.html = MyBlog04.html
		MyBlog04Short.html = MyBlog04Short.html
		MyBlog05.html = MyBlog05.html
		MyBlog05Short.html = MyBlog05Short.html
		MyBlog06.html = MyBlog06.html
		MyBlog06Short.html = MyBlog06Short.html
		MyBlog07.html = MyBlog07.html
		MyBlog07Short.html = MyBlog07Short.html
		MyBlog08.html = MyBlog08.html
		MyBlog08Short.html = MyBlog08Short.html
		MyBlog09.html = MyBlog09.html
		MyBlog09Short.html = MyBlog09Short.html
		MyBlog10.html = MyBlog10.html
		MyBlog20.html = MyBlog20.html
		MyBlog20Short.html = MyBlog20Short.html
		MyBlog21.html = MyBlog21.html
		MyBlog21Short.html = MyBlog21Short.html
	EndProjectSection
EndProject
Project("{9A19103F-16F7-4668-BE54-9A1E7A4F7556}") = "MyBlog", "MyBlog\MyBlog.csproj", "{23C7C78F-FCBA-4322-9610-7E66E06C23FB}"
EndProject
Project("{9A19103F-16F7-4668-BE54-9A1E7A4F7556}") = "MyBlog1", "MyBlog1\MyBlog1.csproj", "{DB2FC71D-3921-417E-9F83-965D82765347}"
EndProject
Project("{FAE04EC0-301F-11D3-BF4B-00C04F79EFBC}") = "FlexBoxTest", "FlexBoxTest\FlexBoxTest.csproj", "{022DAA64-2A4C-4D15-9ED9-0A156DC3C163}"
EndProject
Global
	GlobalSection(SolutionConfigurationPlatforms) = preSolution
		Debug|Any CPU = Debug|Any CPU
		Release|Any CPU = Release|Any CPU
	EndGlobalSection
	GlobalSection(ProjectConfigurationPlatforms) = postSolution
		{23C7C78F-FCBA-4322-9610-7E66E06C23FB}.Debug|Any CPU.ActiveCfg = Debug|Any CPU
		{23C7C78F-FCBA-4322-9610-7E66E06C23FB}.Debug|Any CPU.Build.0 = Debug|Any CPU
		{23C7C78F-FCBA-4322-9610-7E66E06C23FB}.Release|Any CPU.ActiveCfg = Release|Any CPU
		{23C7C78F-FCBA-4322-9610-7E66E06C23FB}.Release|Any CPU.Build.0 = Release|Any CPU
		{DB2FC71D-3921-417E-9F83-965D82765347}.Debug|Any CPU.ActiveCfg = Debug|Any CPU
		{DB2FC71D-3921-417E-9F83-965D82765347}.Debug|Any CPU.Build.0 = Debug|Any CPU
		{DB2FC71D-3921-417E-9F83-965D82765347}.Release|Any CPU.ActiveCfg = Release|Any CPU
		{DB2FC71D-3921-417E-9F83-965D82765347}.Release|Any CPU.Build.0 = Release|Any CPU
		{022DAA64-2A4C-4D15-9ED9-0A156DC3C163}.Debug|Any CPU.ActiveCfg = Debug|Any CPU
		{022DAA64-2A4C-4D15-9ED9-0A156DC3C163}.Debug|Any CPU.Build.0 = Debug|Any CPU
		{022DAA64-2A4C-4D15-9ED9-0A156DC3C163}.Release|Any CPU.ActiveCfg = Release|Any CPU
		{022DAA64-2A4C-4D15-9ED9-0A156DC3C163}.Release|Any CPU.Build.0 = Release|Any CPU
	EndGlobalSection
	GlobalSection(SolutionProperties) = preSolution
		HideSolutionNode = FALSE
	EndGlobalSection
	GlobalSection(ExtensibilityGlobals) = postSolution
		SolutionGuid = {9DEC1C2C-64D0-48E8-8ED3-9998E09E722D}
	EndGlobalSection
EndGlobal
